// !$*UTF8*$!
{
	archiveVersion = 1;
	classes = {
	};
	objectVersion = 50;
	objects = {

/* Begin PBXBuildFile section */
		D21564FA24198E3C007DD48E /* AppDelegate.swift in Sources */ = {isa = PBXBuildFile; fileRef = D21564F924198E3C007DD48E /* AppDelegate.swift */; };
		D21564FC24198E3C007DD48E /* SceneDelegate.swift in Sources */ = {isa = PBXBuildFile; fileRef = D21564FB24198E3C007DD48E /* SceneDelegate.swift */; };
		D21564FE24198E3C007DD48E /* ViewController.swift in Sources */ = {isa = PBXBuildFile; fileRef = D21564FD24198E3C007DD48E /* ViewController.swift */; };
		D215650124198E3C007DD48E /* Main.storyboard in Resources */ = {isa = PBXBuildFile; fileRef = D21564FF24198E3C007DD48E /* Main.storyboard */; };
		D215650324198E3D007DD48E /* Assets.xcassets in Resources */ = {isa = PBXBuildFile; fileRef = D215650224198E3D007DD48E /* Assets.xcassets */; };
		D215650624198E3D007DD48E /* LaunchScreen.storyboard in Resources */ = {isa = PBXBuildFile; fileRef = D215650424198E3D007DD48E /* LaunchScreen.storyboard */; };
		D215651124198E3D007DD48E /* TakeHomeTests.swift in Sources */ = {isa = PBXBuildFile; fileRef = D215651024198E3D007DD48E /* TakeHomeTests.swift */; };
		D215651C24198E3D007DD48E /* TakeHomeUITests.swift in Sources */ = {isa = PBXBuildFile; fileRef = D215651B24198E3D007DD48E /* TakeHomeUITests.swift */; };
/* End PBXBuildFile section */

/* Begin PBXContainerItemProxy section */
		D215650D24198E3D007DD48E /* PBXContainerItemProxy */ = {
			isa = PBXContainerItemProxy;
			containerPortal = D21564EE24198E3C007DD48E /* Project object */;
			proxyType = 1;
			remoteGlobalIDString = D21564F524198E3C007DD48E;
			remoteInfo = TakeHome;
		};
		D215651824198E3D007DD48E /* PBXContainerItemProxy */ = {
			isa = PBXContainerItemProxy;
			containerPortal = D21564EE24198E3C007DD48E /* Project object */;
			proxyType = 1;
			remoteGlobalIDString = D21564F524198E3C007DD48E;
			remoteInfo = TakeHome;
		};
/* End PBXContainerItemProxy section */

/* Begin PBXFileReference section */
		D21564F624198E3C007DD48E /* TakeHome.app */ = {isa = PBXFileReference; explicitFileType = wrapper.application; includeInIndex = 0; path = TakeHome.app; sourceTree = BUILT_PRODUCTS_DIR; };
		D21564F924198E3C007DD48E /* AppDelegate.swift */ = {isa = PBXFileReference; lastKnownFileType = sourcecode.swift; path = AppDelegate.swift; sourceTree = "<group>"; };
		D21564FB24198E3C007DD48E /* SceneDelegate.swift */ = {isa = PBXFileReference; lastKnownFileType = sourcecode.swift; path = SceneDelegate.swift; sourceTree = "<group>"; };
		D21564FD24198E3C007DD48E /* ViewController.swift */ = {isa = PBXFileReference; lastKnownFileType = sourcecode.swift; path = ViewController.swift; sourceTree = "<group>"; };
		D215650024198E3C007DD48E /* Base */ = {isa = PBXFileReference; lastKnownFileType = file.storyboard; name = Base; path = Base.lproj/Main.storyboard; sourceTree = "<group>"; };
		D215650224198E3D007DD48E /* Assets.xcassets */ = {isa = PBXFileReference; lastKnownFileType = folder.assetcatalog; path = Assets.xcassets; sourceTree = "<group>"; };
		D215650524198E3D007DD48E /* Base */ = {isa = PBXFileReference; lastKnownFileType = file.storyboard; name = Base; path = Base.lproj/LaunchScreen.storyboard; sourceTree = "<group>"; };
		D215650724198E3D007DD48E /* Info.plist */ = {isa = PBXFileReference; lastKnownFileType = text.plist.xml; path = Info.plist; sourceTree = "<group>"; };
		D215650C24198E3D007DD48E /* TakeHomeTests.xctest */ = {isa = PBXFileReference; explicitFileType = wrapper.cfbundle; includeInIndex = 0; path = TakeHomeTests.xctest; sourceTree = BUILT_PRODUCTS_DIR; };
		D215651024198E3D007DD48E /* TakeHomeTests.swift */ = {isa = PBXFileReference; lastKnownFileType = sourcecode.swift; path = TakeHomeTests.swift; sourceTree = "<group>"; };
		D215651224198E3D007DD48E /* Info.plist */ = {isa = PBXFileReference; lastKnownFileType = text.plist.xml; path = Info.plist; sourceTree = "<group>"; };
		D215651724198E3D007DD48E /* TakeHomeUITests.xctest */ = {isa = PBXFileReference; explicitFileType = wrapper.cfbundle; includeInIndex = 0; path = TakeHomeUITests.xctest; sourceTree = BUILT_PRODUCTS_DIR; };
		D215651B24198E3D007DD48E /* TakeHomeUITests.swift */ = {isa = PBXFileReference; lastKnownFileType = sourcecode.swift; path = TakeHomeUITests.swift; sourceTree = "<group>"; };
		D215651D24198E3D007DD48E /* Info.plist */ = {isa = PBXFileReference; lastKnownFileType = text.plist.xml; path = Info.plist; sourceTree = "<group>"; };
/* End PBXFileReference section */

/* Begin PBXFrameworksBuildPhase section */
		D21564F324198E3C007DD48E /* Frameworks */ = {
			isa = PBXFrameworksBuildPhase;
			buildActionMask = 2147483647;
			files = (
			);
			runOnlyForDeploymentPostprocessing = 0;
		};
		D215650924198E3D007DD48E /* Frameworks */ = {
			isa = PBXFrameworksBuildPhase;
			buildActionMask = 2147483647;
			files = (
			);
			runOnlyForDeploymentPostprocessing = 0;
		};
		D215651424198E3D007DD48E /* Frameworks */ = {
			isa = PBXFrameworksBuildPhase;
			buildActionMask = 2147483647;
			files = (
			);
			runOnlyForDeploymentPostprocessing = 0;
		};
/* End PBXFrameworksBuildPhase section */

/* Begin PBXGroup section */
		D21564ED24198E3C007DD48E = {
			isa = PBXGroup;
			children = (
				D21564F824198E3C007DD48E /* TakeHome */,
				D215650F24198E3D007DD48E /* TakeHomeTests */,
				D215651A24198E3D007DD48E /* TakeHomeUITests */,
				D21564F724198E3C007DD48E /* Products */,
			);
			sourceTree = "<group>";
		};
		D21564F724198E3C007DD48E /* Products */ = {
			isa = PBXGroup;
			children = (
				D21564F624198E3C007DD48E /* TakeHome.app */,
				D215650C24198E3D007DD48E /* TakeHomeTests.xctest */,
				D215651724198E3D007DD48E /* TakeHomeUITests.xctest */,
			);
			name = Products;
			sourceTree = "<group>";
		};
		D21564F824198E3C007DD48E /* TakeHome */ = {
			isa = PBXGroup;
			children = (
				D21564F924198E3C007DD48E /* AppDelegate.swift */,
				D21564FB24198E3C007DD48E /* SceneDelegate.swift */,
				D21564FD24198E3C007DD48E /* ViewController.swift */,
				D21564FF24198E3C007DD48E /* Main.storyboard */,
				D215650224198E3D007DD48E /* Assets.xcassets */,
				D215650424198E3D007DD48E /* LaunchScreen.storyboard */,
				D215650724198E3D007DD48E /* Info.plist */,
			);
			path = TakeHome;
			sourceTree = "<group>";
		};
		D215650F24198E3D007DD48E /* TakeHomeTests */ = {
			isa = PBXGroup;
			children = (
				D215651024198E3D007DD48E /* TakeHomeTests.swift */,
				D215651224198E3D007DD48E /* Info.plist */,
			);
			path = TakeHomeTests;
			sourceTree = "<group>";
		};
		D215651A24198E3D007DD48E /* TakeHomeUITests */ = {
			isa = PBXGroup;
			children = (
				D215651B24198E3D007DD48E /* TakeHomeUITests.swift */,
				D215651D24198E3D007DD48E /* Info.plist */,
			);
			path = TakeHomeUITests;
			sourceTree = "<group>";
		};
/* End PBXGroup section */

/* Begin PBXNativeTarget section */
		D21564F524198E3C007DD48E /* TakeHome */ = {
			isa = PBXNativeTarget;
			buildConfigurationList = D215652024198E3D007DD48E /* Build configuration list for PBXNativeTarget "TakeHome" */;
			buildPhases = (
				D21564F224198E3C007DD48E /* Sources */,
				D21564F324198E3C007DD48E /* Frameworks */,
				D21564F424198E3C007DD48E /* Resources */,
			);
			buildRules = (
			);
			dependencies = (
			);
			name = TakeHome;
			productName = TakeHome;
			productReference = D21564F624198E3C007DD48E /* TakeHome.app */;
			productType = "com.apple.product-type.application";
		};
		D215650B24198E3D007DD48E /* TakeHomeTests */ = {
			isa = PBXNativeTarget;
			buildConfigurationList = D215652324198E3D007DD48E /* Build configuration list for PBXNativeTarget "TakeHomeTests" */;
			buildPhases = (
				D215650824198E3D007DD48E /* Sources */,
				D215650924198E3D007DD48E /* Frameworks */,
				D215650A24198E3D007DD48E /* Resources */,
			);
			buildRules = (
			);
			dependencies = (
				D215650E24198E3D007DD48E /* PBXTargetDependency */,
			);
			name = TakeHomeTests;
			productName = TakeHomeTests;
			productReference = D215650C24198E3D007DD48E /* TakeHomeTests.xctest */;
			productType = "com.apple.product-type.bundle.unit-test";
		};
		D215651624198E3D007DD48E /* TakeHomeUITests */ = {
			isa = PBXNativeTarget;
			buildConfigurationList = D215652624198E3D007DD48E /* Build configuration list for PBXNativeTarget "TakeHomeUITests" */;
			buildPhases = (
				D215651324198E3D007DD48E /* Sources */,
				D215651424198E3D007DD48E /* Frameworks */,
				D215651524198E3D007DD48E /* Resources */,
			);
			buildRules = (
			);
			dependencies = (
				D215651924198E3D007DD48E /* PBXTargetDependency */,
			);
			name = TakeHomeUITests;
			productName = TakeHomeUITests;
			productReference = D215651724198E3D007DD48E /* TakeHomeUITests.xctest */;
			productType = "com.apple.product-type.bundle.ui-testing";
		};
/* End PBXNativeTarget section */

/* Begin PBXProject section */
		D21564EE24198E3C007DD48E /* Project object */ = {
			isa = PBXProject;
			attributes = {
				LastSwiftUpdateCheck = 1120;
				LastUpgradeCheck = 1120;
				ORGANIZATIONNAME = JRE;
				TargetAttributes = {
					D21564F524198E3C007DD48E = {
						CreatedOnToolsVersion = 11.2.1;
					};
					D215650B24198E3D007DD48E = {
						CreatedOnToolsVersion = 11.2.1;
						TestTargetID = D21564F524198E3C007DD48E;
					};
					D215651624198E3D007DD48E = {
						CreatedOnToolsVersion = 11.2.1;
						TestTargetID = D21564F524198E3C007DD48E;
					};
				};
			};
			buildConfigurationList = D21564F124198E3C007DD48E /* Build configuration list for PBXProject "TakeHome" */;
			compatibilityVersion = "Xcode 9.3";
			developmentRegion = en;
			hasScannedForEncodings = 0;
			knownRegions = (
				en,
				Base,
			);
			mainGroup = D21564ED24198E3C007DD48E;
			productRefGroup = D21564F724198E3C007DD48E /* Products */;
			projectDirPath = "";
			projectRoot = "";
			targets = (
				D21564F524198E3C007DD48E /* TakeHome */,
				D215650B24198E3D007DD48E /* TakeHomeTests */,
				D215651624198E3D007DD48E /* TakeHomeUITests */,
			);
		};
/* End PBXProject section */

/* Begin PBXResourcesBuildPhase section */
		D21564F424198E3C007DD48E /* Resources */ = {
			isa = PBXResourcesBuildPhase;
			buildActionMask = 2147483647;
			files = (
				D215650624198E3D007DD48E /* LaunchScreen.storyboard in Resources */,
				D215650324198E3D007DD48E /* Assets.xcassets in Resources */,
				D215650124198E3C007DD48E /* Main.storyboard in Resources */,
			);
			runOnlyForDeploymentPostprocessing = 0;
		};
		D215650A24198E3D007DD48E /* Resources */ = {
			isa = PBXResourcesBuildPhase;
			buildActionMask = 2147483647;
			files = (
			);
			runOnlyForDeploymentPostprocessing = 0;
		};
		D215651524198E3D007DD48E /* Resources */ = {
			isa = PBXResourcesBuildPhase;
			buildActionMask = 2147483647;
			files = (
			);
			runOnlyForDeploymentPostprocessing = 0;
		};
/* End PBXResourcesBuildPhase section */

/* Begin PBXSourcesBuildPhase section */
		D21564F224198E3C007DD48E /* Sources */ = {
			isa = PBXSourcesBuildPhase;
			buildActionMask = 2147483647;
			files = (
				D21564FE24198E3C007DD48E /* ViewController.swift in Sources */,
				D21564FA24198E3C007DD48E /* AppDelegate.swift in Sources */,
				D21564FC24198E3C007DD48E /* SceneDelegate.swift in Sources */,
			);
			runOnlyForDeploymentPostprocessing = 0;
		};
		D215650824198E3D007DD48E /* Sources */ = {
			isa = PBXSourcesBuildPhase;
			buildActionMask = 2147483647;
			files = (
				D215651124198E3D007DD48E /* TakeHomeTests.swift in Sources */,
			);
			runOnlyForDeploymentPostprocessing = 0;
		};
		D215651324198E3D007DD48E /* Sources */ = {
			isa = PBXSourcesBuildPhase;
			buildActionMask = 2147483647;
			files = (
				D215651C24198E3D007DD48E /* TakeHomeUITests.swift in Sources */,
			);
			runOnlyForDeploymentPostprocessing = 0;
		};
/* End PBXSourcesBuildPhase section */

/* Begin PBXTargetDependency section */
		D215650E24198E3D007DD48E /* PBXTargetDependency */ = {
			isa = PBXTargetDependency;
			target = D21564F524198E3C007DD48E /* TakeHome */;
			targetProxy = D215650D24198E3D007DD48E /* PBXContainerItemProxy */;
		};
		D215651924198E3D007DD48E /* PBXTargetDependency */ = {
			isa = PBXTargetDependency;
			target = D21564F524198E3C007DD48E /* TakeHome */;
			targetProxy = D215651824198E3D007DD48E /* PBXContainerItemProxy */;
		};
/* End PBXTargetDependency section */

/* Begin PBXVariantGroup section */
		D21564FF24198E3C007DD48E /* Main.storyboard */ = {
			isa = PBXVariantGroup;
			children = (
				D215650024198E3C007DD48E /* Base */,
			);
			name = Main.storyboard;
			sourceTree = "<group>";
		};
		D215650424198E3D007DD48E /* LaunchScreen.storyboard */ = {
			isa = PBXVariantGroup;
			children = (
				D215650524198E3D007DD48E /* Base */,
			);
			name = LaunchScreen.storyboard;
			sourceTree = "<group>";
		};
/* End PBXVariantGroup section */

/* Begin XCBuildConfiguration section */
		D215651E24198E3D007DD48E /* Debug */ = {
			isa = XCBuildConfiguration;
			buildSettings = {
				ALWAYS_SEARCH_USER_PATHS = NO;
				CLANG_ANALYZER_NONNULL = YES;
				CLANG_ANALYZER_NUMBER_OBJECT_CONVERSION = YES_AGGRESSIVE;
				CLANG_CXX_LANGUAGE_STANDARD = "gnu++14";
				CLANG_CXX_LIBRARY = "libc++";
				CLANG_ENABLE_MODULES = YES;
				CLANG_ENABLE_OBJC_ARC = YES;
				CLANG_ENABLE_OBJC_WEAK = YES;
				CLANG_WARN_BLOCK_CAPTURE_AUTORELEASING = YES;
				CLANG_WARN_BOOL_CONVERSION = YES;
				CLANG_WARN_COMMA = YES;
				CLANG_WARN_CONSTANT_CONVERSION = YES;
				CLANG_WARN_DEPRECATED_OBJC_IMPLEMENTATIONS = YES;
				CLANG_WARN_DIRECT_OBJC_ISA_USAGE = YES_ERROR;
				CLANG_WARN_DOCUMENTATION_COMMENTS = YES;
				CLANG_WARN_EMPTY_BODY = YES;
				CLANG_WARN_ENUM_CONVERSION = YES;
				CLANG_WARN_INFINITE_RECURSION = YES;
				CLANG_WARN_INT_CONVERSION = YES;
				CLANG_WARN_NON_LITERAL_NULL_CONVERSION = YES;
				CLANG_WARN_OBJC_IMPLICIT_RETAIN_SELF = YES;
				CLANG_WARN_OBJC_LITERAL_CONVERSION = YES;
				CLANG_WARN_OBJC_ROOT_CLASS = YES_ERROR;
				CLANG_WARN_RANGE_LOOP_ANALYSIS = YES;
				CLANG_WARN_STRICT_PROTOTYPES = YES;
				CLANG_WARN_SUSPICIOUS_MOVE = YES;
				CLANG_WARN_UNGUARDED_AVAILABILITY = YES_AGGRESSIVE;
				CLANG_WARN_UNREACHABLE_CODE = YES;
				CLANG_WARN__DUPLICATE_METHOD_MATCH = YES;
				COPY_PHASE_STRIP = NO;
				DEBUG_INFORMATION_FORMAT = dwarf;
				ENABLE_STRICT_OBJC_MSGSEND = YES;
				ENABLE_TESTABILITY = YES;
				GCC_C_LANGUAGE_STANDARD = gnu11;
				GCC_DYNAMIC_NO_PIC = NO;
				GCC_NO_COMMON_BLOCKS = YES;
				GCC_OPTIMIZATION_LEVEL = 0;
				GCC_PREPROCESSOR_DEFINITIONS = (
					"DEBUG=1",
					"$(inherited)",
				);
				GCC_WARN_64_TO_32_BIT_CONVERSION = YES;
				GCC_WARN_ABOUT_RETURN_TYPE = YES_ERROR;
				GCC_WARN_UNDECLARED_SELECTOR = YES;
				GCC_WARN_UNINITIALIZED_AUTOS = YES_AGGRESSIVE;
				GCC_WARN_UNUSED_FUNCTION = YES;
				GCC_WARN_UNUSED_VARIABLE = YES;
				IPHONEOS_DEPLOYMENT_TARGET = 13.2;
				MTL_ENABLE_DEBUG_INFO = INCLUDE_SOURCE;
				MTL_FAST_MATH = YES;
				ONLY_ACTIVE_ARCH = YES;
				SDKROOT = iphoneos;
				SWIFT_ACTIVE_COMPILATION_CONDITIONS = DEBUG;
				SWIFT_OPTIMIZATION_LEVEL = "-Onone";
			};
			name = Debug;
		};
		D215651F24198E3D007DD48E /* Release */ = {
			isa = XCBuildConfiguration;
			buildSettings = {
				ALWAYS_SEARCH_USER_PATHS = NO;
				CLANG_ANALYZER_NONNULL = YES;
				CLANG_ANALYZER_NUMBER_OBJECT_CONVERSION = YES_AGGRESSIVE;
				CLANG_CXX_LANGUAGE_STANDARD = "gnu++14";
				CLANG_CXX_LIBRARY = "libc++";
				CLANG_ENABLE_MODULES = YES;
				CLANG_ENABLE_OBJC_ARC = YES;
				CLANG_ENABLE_OBJC_WEAK = YES;
				CLANG_WARN_BLOCK_CAPTURE_AUTORELEASING = YES;
				CLANG_WARN_BOOL_CONVERSION = YES;
				CLANG_WARN_COMMA = YES;
				CLANG_WARN_CONSTANT_CONVERSION = YES;
				CLANG_WARN_DEPRECATED_OBJC_IMPLEMENTATIONS = YES;
				CLANG_WARN_DIRECT_OBJC_ISA_USAGE = YES_ERROR;
				CLANG_WARN_DOCUMENTATION_COMMENTS = YES;
				CLANG_WARN_EMPTY_BODY = YES;
				CLANG_WARN_ENUM_CONVERSION = YES;
				CLANG_WARN_INFINITE_RECURSION = YES;
				CLANG_WARN_INT_CONVERSION = YES;
				CLANG_WARN_NON_LITERAL_NULL_CONVERSION = YES;
				CLANG_WARN_OBJC_IMPLICIT_RETAIN_SELF = YES;
				CLANG_WARN_OBJC_LITERAL_CONVERSION = YES;
				CLANG_WARN_OBJC_ROOT_CLASS = YES_ERROR;
				CLANG_WARN_RANGE_LOOP_ANALYSIS = YES;
				CLANG_WARN_STRICT_PROTOTYPES = YES;
				CLANG_WARN_SUSPICIOUS_MOVE = YES;
				CLANG_WARN_UNGUARDED_AVAILABILITY = YES_AGGRESSIVE;
				CLANG_WARN_UNREACHABLE_CODE = YES;
				CLANG_WARN__DUPLICATE_METHOD_MATCH = YES;
				COPY_PHASE_STRIP = NO;
				DEBUG_INFORMATION_FORMAT = "dwarf-with-dsym";
				ENABLE_NS_ASSERTIONS = NO;
				ENABLE_STRICT_OBJC_MSGSEND = YES;
				GCC_C_LANGUAGE_STANDARD = gnu11;
				GCC_NO_COMMON_BLOCKS = YES;
				GCC_WARN_64_TO_32_BIT_CONVERSION = YES;
				GCC_WARN_ABOUT_RETURN_TYPE = YES_ERROR;
				GCC_WARN_UNDECLARED_SELECTOR = YES;
				GCC_WARN_UNINITIALIZED_AUTOS = YES_AGGRESSIVE;
				GCC_WARN_UNUSED_FUNCTION = YES;
				GCC_WARN_UNUSED_VARIABLE = YES;
				IPHONEOS_DEPLOYMENT_TARGET = 13.2;
				MTL_ENABLE_DEBUG_INFO = NO;
				MTL_FAST_MATH = YES;
				SDKROOT = iphoneos;
				SWIFT_COMPILATION_MODE = wholemodule;
				SWIFT_OPTIMIZATION_LEVEL = "-O";
				VALIDATE_PRODUCT = YES;
			};
			name = Release;
		};
		D215652124198E3D007DD48E /* Debug */ = {
			isa = XCBuildConfiguration;
			buildSettings = {
				ASSETCATALOG_COMPILER_APPICON_NAME = AppIcon;
				CODE_SIGN_STYLE = Automatic;
				DEVELOPMENT_TEAM = HUT66UB9ZE;
				INFOPLIST_FILE = TakeHome/Info.plist;
				LD_RUNPATH_SEARCH_PATHS = (
					"$(inherited)",
					"@executable_path/Frameworks",
				);
				PRODUCT_BUNDLE_IDENTIFIER = com.jendter.TakeHome;
				PRODUCT_NAME = "$(TARGET_NAME)";
				SWIFT_VERSION = 5.0;
				TARGETED_DEVICE_FAMILY = "1,2";
			};
			name = Debug;
		};
		D215652224198E3D007DD48E /* Release */ = {
			isa = XCBuildConfiguration;
			buildSettings = {
				ASSETCATALOG_COMPILER_APPICON_NAME = AppIcon;
				CODE_SIGN_STYLE = Automatic;
				DEVELOPMENT_TEAM = HUT66UB9ZE;
				INFOPLIST_FILE = TakeHome/Info.plist;
				LD_RUNPATH_SEARCH_PATHS = (
					"$(inherited)",
					"@executable_path/Frameworks",
				);
				PRODUCT_BUNDLE_IDENTIFIER = com.jendter.TakeHome;
				PRODUCT_NAME = "$(TARGET_NAME)";
				SWIFT_VERSION = 5.0;
				TARGETED_DEVICE_FAMILY = "1,2";
			};
			name = Release;
		};
		D215652424198E3D007DD48E /* Debug */ = {
			isa = XCBuildConfiguration;
			buildSettings = {
				ALWAYS_EMBED_SWIFT_STANDARD_LIBRARIES = YES;
				BUNDLE_LOADER = "$(TEST_HOST)";
				CODE_SIGN_STYLE = Automatic;
				DEVELOPMENT_TEAM = HUT66UB9ZE;
				INFOPLIST_FILE = TakeHomeTests/Info.plist;
				IPHONEOS_DEPLOYMENT_TARGET = 13.2;
				LD_RUNPATH_SEARCH_PATHS = (
					"$(inherited)",
					"@executable_path/Frameworks",
					"@loader_path/Frameworks",
				);
				PRODUCT_BUNDLE_IDENTIFIER = com.jendter.TakeHomeTests;
				PRODUCT_NAME = "$(TARGET_NAME)";
				SWIFT_VERSION = 5.0;
				TARGETED_DEVICE_FAMILY = "1,2";
				TEST_HOST = "$(BUILT_PRODUCTS_DIR)/TakeHome.app/TakeHome";
			};
			name = Debug;
		};
		D215652524198E3D007DD48E /* Release */ = {
			isa = XCBuildConfiguration;
			buildSettings = {
				ALWAYS_EMBED_SWIFT_STANDARD_LIBRARIES = YES;
				BUNDLE_LOADER = "$(TEST_HOST)";
				CODE_SIGN_STYLE = Automatic;
				DEVELOPMENT_TEAM = HUT66UB9ZE;
				INFOPLIST_FILE = TakeHomeTests/Info.plist;
				IPHONEOS_DEPLOYMENT_TARGET = 13.2;
				LD_RUNPATH_SEARCH_PATHS = (
					"$(inherited)",
					"@executable_path/Frameworks",
					"@loader_path/Frameworks",
				);
				PRODUCT_BUNDLE_IDENTIFIER = com.jendter.TakeHomeTests;
				PRODUCT_NAME = "$(TARGET_NAME)";
				SWIFT_VERSION = 5.0;
				TARGETED_DEVICE_FAMILY = "1,2";
				TEST_HOST = "$(BUILT_PRODUCTS_DIR)/TakeHome.app/TakeHome";
			};
			name = Release;
		};
		D215652724198E3D007DD48E /* Debug */ = {
			isa = XCBuildConfiguration;
			buildSettings = {
				ALWAYS_EMBED_SWIFT_STANDARD_LIBRARIES = YES;
				CODE_SIGN_STYLE = Automatic;
				DEVELOPMENT_TEAM = HUT66UB9ZE;
				INFOPLIST_FILE = TakeHomeUITests/Info.plist;
				LD_RUNPATH_SEARCH_PATHS = (
					"$(inherited)",
					"@executable_path/Frameworks",
					"@loader_path/Frameworks",
				);
				PRODUCT_BUNDLE_IDENTIFIER = com.jendter.TakeHomeUITests;
				PRODUCT_NAME = "$(TARGET_NAME)";
				SWIFT_VERSION = 5.0;
				TARGETED_DEVICE_FAMILY = "1,2";
				TEST_TARGET_NAME = TakeHome;
			};
			name = Debug;
		};
		D215652824198E3D007DD48E /* Release */ = {
			isa = XCBuildConfiguration;
			buildSettings = {
				ALWAYS_EMBED_SWIFT_STANDARD_LIBRARIES = YES;
				CODE_SIGN_STYLE = Automatic;
				DEVELOPMENT_TEAM = HUT66UB9ZE;
				INFOPLIST_FILE = TakeHomeUITests/Info.plist;
				LD_RUNPATH_SEARCH_PATHS = (
					"$(inherited)",
					"@executable_path/Frameworks",
					"@loader_path/Frameworks",
				);
				PRODUCT_BUNDLE_IDENTIFIER = com.jendter.TakeHomeUITests;
				PRODUCT_NAME = "$(TARGET_NAME)";
				SWIFT_VERSION = 5.0;
				TARGETED_DEVICE_FAMILY = "1,2";
				TEST_TARGET_NAME = TakeHome;
			};
			name = Release;
		};
/* End XCBuildConfiguration section */

/* Begin XCConfigurationList section */
		D21564F124198E3C007DD48E /* Build configuration list for PBXProject "TakeHome" */ = {
			isa = XCConfigurationList;
			buildConfigurations = (
				D215651E24198E3D007DD48E /* Debug */,
				D215651F24198E3D007DD48E /* Release */,
			);
			defaultConfigurationIsVisible = 0;
			defaultConfigurationName = Release;
		};
		D215652024198E3D007DD48E /* Build configuration list for PBXNativeTarget "TakeHome" */ = {
			isa = XCConfigurationList;
			buildConfigurations = (
				D215652124198E3D007DD48E /* Debug */,
				D215652224198E3D007DD48E /* Release */,
			);
			defaultConfigurationIsVisible = 0;
			defaultConfigurationName = Release;
		};
		D215652324198E3D007DD48E /* Build configuration list for PBXNativeTarget "TakeHomeTests" */ = {
			isa = XCConfigurationList;
			buildConfigurations = (
				D215652424198E3D007DD48E /* Debug */,
				D215652524198E3D007DD48E /* Release */,
			);
			defaultConfigurationIsVisible = 0;
			defaultConfigurationName = Release;
		};
		D215652624198E3D007DD48E /* Build configuration list for PBXNativeTarget "TakeHomeUITests" */ = {
			isa = XCConfigurationList;
			buildConfigurations = (
				D215652724198E3D007DD48E /* Debug */,
				D215652824198E3D007DD48E /* Release */,
			);
			defaultConfigurationIsVisible = 0;
			defaultConfigurationName = Release;
		};
/* End XCConfigurationList section */
	};
	rootObject = D21564EE24198E3C007DD48E /* Project object */;
}
